// !$*UTF8*$!
{
	archiveVersion = 1;
	classes = {
	};
	objectVersion = 70;
	objects = {

/* Begin PBXBuildFile section */
		1BC7AB462AB69566009A5AC2 /* NaSuaPortaApp.swift in Sources */ = {isa = PBXBuildFile; fileRef = 1BC7AB452AB69566009A5AC2 /* NaSuaPortaApp.swift */; };
		1BC7AB482AB69566009A5AC2 /* ContentView.swift in Sources */ = {isa = PBXBuildFile; fileRef = 1BC7AB472AB69566009A5AC2 /* ContentView.swift */; };
		1BC7AB4A2AB69567009A5AC2 /* Assets.xcassets in Resources */ = {isa = PBXBuildFile; fileRef = 1BC7AB492AB69567009A5AC2 /* Assets.xcassets */; };
		1BC7AB4D2AB69567009A5AC2 /* Preview Assets.xcassets in Resources */ = {isa = PBXBuildFile; fileRef = 1BC7AB4C2AB69567009A5AC2 /* Preview Assets.xcassets */; };
		1BC7AB562AB6A0E2009A5AC2 /* NavigationBar.swift in Sources */ = {isa = PBXBuildFile; fileRef = 1BC7AB552AB6A0E2009A5AC2 /* NavigationBar.swift */; };
		1BC7AB592AB6A6EB009A5AC2 /* OrderTypeGridView.swift in Sources */ = {isa = PBXBuildFile; fileRef = 1BC7AB582AB6A6EB009A5AC2 /* OrderTypeGridView.swift */; };
		1BC7AB5C2AB6AC83009A5AC2 /* Order.swift in Sources */ = {isa = PBXBuildFile; fileRef = 1BC7AB5B2AB6AC83009A5AC2 /* Order.swift */; };
		1BC7AB5F2AB6ACF6009A5AC2 /* DataSourceMock.swift in Sources */ = {isa = PBXBuildFile; fileRef = 1BC7AB5E2AB6ACF6009A5AC2 /* DataSourceMock.swift */; };
		1BC7AB612AB6B0BE009A5AC2 /* OrderTypeView.swift in Sources */ = {isa = PBXBuildFile; fileRef = 1BC7AB602AB6B0BE009A5AC2 /* OrderTypeView.swift */; };
		73575FCE2D5E9E97001BAB0C /* Store.swift in Sources */ = {isa = PBXBuildFile; fileRef = 73575FCD2D5E9E97001BAB0C /* Store.swift */; };
		73575FD02D5E9EE3001BAB0C /* Product.swift in Sources */ = {isa = PBXBuildFile; fileRef = 73575FCF2D5E9EE3001BAB0C /* Product.swift */; };
/* End PBXBuildFile section */

/* Begin PBXFileReference section */
		1BC7AB422AB69566009A5AC2 /* NaSuaPorta.app */ = {isa = PBXFileReference; explicitFileType = wrapper.application; includeInIndex = 0; path = NaSuaPorta.app; sourceTree = BUILT_PRODUCTS_DIR; };
		1BC7AB452AB69566009A5AC2 /* NaSuaPortaApp.swift */ = {isa = PBXFileReference; lastKnownFileType = sourcecode.swift; path = NaSuaPortaApp.swift; sourceTree = "<group>"; };
		1BC7AB472AB69566009A5AC2 /* ContentView.swift */ = {isa = PBXFileReference; lastKnownFileType = sourcecode.swift; path = ContentView.swift; sourceTree = "<group>"; };
		1BC7AB492AB69567009A5AC2 /* Assets.xcassets */ = {isa = PBXFileReference; lastKnownFileType = folder.assetcatalog; path = Assets.xcassets; sourceTree = "<group>"; };
		1BC7AB4C2AB69567009A5AC2 /* Preview Assets.xcassets */ = {isa = PBXFileReference; lastKnownFileType = folder.assetcatalog; path = "Preview Assets.xcassets"; sourceTree = "<group>"; };
		1BC7AB552AB6A0E2009A5AC2 /* NavigationBar.swift */ = {isa = PBXFileReference; lastKnownFileType = sourcecode.swift; path = NavigationBar.swift; sourceTree = "<group>"; };
		1BC7AB582AB6A6EB009A5AC2 /* OrderTypeGridView.swift */ = {isa = PBXFileReference; lastKnownFileType = sourcecode.swift; path = OrderTypeGridView.swift; sourceTree = "<group>"; };
		1BC7AB5B2AB6AC83009A5AC2 /* Order.swift */ = {isa = PBXFileReference; lastKnownFileType = sourcecode.swift; path = Order.swift; sourceTree = "<group>"; };
		1BC7AB5E2AB6ACF6009A5AC2 /* DataSourceMock.swift */ = {isa = PBXFileReference; lastKnownFileType = sourcecode.swift; path = DataSourceMock.swift; sourceTree = "<group>"; };
		1BC7AB602AB6B0BE009A5AC2 /* OrderTypeView.swift */ = {isa = PBXFileReference; lastKnownFileType = sourcecode.swift; path = OrderTypeView.swift; sourceTree = "<group>"; };
		73575FCD2D5E9E97001BAB0C /* Store.swift */ = {isa = PBXFileReference; lastKnownFileType = sourcecode.swift; path = Store.swift; sourceTree = "<group>"; };
		73575FCF2D5E9EE3001BAB0C /* Product.swift */ = {isa = PBXFileReference; lastKnownFileType = sourcecode.swift; path = Product.swift; sourceTree = "<group>"; };
/* End PBXFileReference section */

/* Begin PBXFileSystemSynchronizedBuildFileExceptionSet section */
		1BD4DD142CD4702A005AAF90 /* PBXFileSystemSynchronizedBuildFileExceptionSet */ = {
			isa = PBXFileSystemSynchronizedBuildFileExceptionSet;
			membershipExceptions = (
				CarouselItemView.swift,
				CarouselTabView.swift,
			);
			target = 1BC7AB412AB69566009A5AC2 /* NaSuaPorta */;
		};
/* End PBXFileSystemSynchronizedBuildFileExceptionSet section */

/* Begin PBXFileSystemSynchronizedRootGroup section */
		1BD4DD102CD46FF4005AAF90 /* CarouselView */ = {isa = PBXFileSystemSynchronizedRootGroup; exceptions = (1BD4DD142CD4702A005AAF90 /* PBXFileSystemSynchronizedBuildFileExceptionSet */, ); explicitFileTypes = {}; explicitFolders = (); path = CarouselView; sourceTree = "<group>"; };
		73575FB92D5E77F5001BAB0C /* StoresView */ = {isa = PBXFileSystemSynchronizedRootGroup; explicitFileTypes = {}; explicitFolders = (); path = StoresView; sourceTree = "<group>"; };
/* End PBXFileSystemSynchronizedRootGroup section */

/* Begin PBXFrameworksBuildPhase section */
		1BC7AB3F2AB69566009A5AC2 /* Frameworks */ = {
			isa = PBXFrameworksBuildPhase;
			buildActionMask = 2147483647;
			files = (
			);
			runOnlyForDeploymentPostprocessing = 0;
		};
/* End PBXFrameworksBuildPhase section */

/* Begin PBXGroup section */
		1BC7AB392AB69566009A5AC2 = {
			isa = PBXGroup;
			children = (
				1BC7AB442AB69566009A5AC2 /* NaSuaPorta */,
				1BC7AB432AB69566009A5AC2 /* Products */,
			);
			sourceTree = "<group>";
		};
		1BC7AB432AB69566009A5AC2 /* Products */ = {
			isa = PBXGroup;
			children = (
				1BC7AB422AB69566009A5AC2 /* NaSuaPorta.app */,
			);
			name = Products;
			sourceTree = "<group>";
		};
		1BC7AB442AB69566009A5AC2 /* NaSuaPorta */ = {
			isa = PBXGroup;
			children = (
				1BC7AB542AB6A0B9009A5AC2 /* App */,
				73575FB92D5E77F5001BAB0C /* StoresView */,
				1BD4DD102CD46FF4005AAF90 /* CarouselView */,
				1BC7AB532AB6A0A5009A5AC2 /* NavigationBar */,
				1BC7AB572AB6A6C4009A5AC2 /* GridView */,
				1BC7AB5A2AB6AC66009A5AC2 /* Model */,
				1BC7AB492AB69567009A5AC2 /* Assets.xcassets */,
				1BC7AB4B2AB69567009A5AC2 /* Preview Content */,
			);
			path = NaSuaPorta;
			sourceTree = "<group>";
		};
		1BC7AB4B2AB69567009A5AC2 /* Preview Content */ = {
			isa = PBXGroup;
			children = (
				1BC7AB4C2AB69567009A5AC2 /* Preview Assets.xcassets */,
			);
			path = "Preview Content";
			sourceTree = "<group>";
		};
		1BC7AB532AB6A0A5009A5AC2 /* NavigationBar */ = {
			isa = PBXGroup;
			children = (
				1BC7AB552AB6A0E2009A5AC2 /* NavigationBar.swift */,
			);
			path = NavigationBar;
			sourceTree = "<group>";
		};
		1BC7AB542AB6A0B9009A5AC2 /* App */ = {
			isa = PBXGroup;
			children = (
				1BC7AB472AB69566009A5AC2 /* ContentView.swift */,
				1BC7AB452AB69566009A5AC2 /* NaSuaPortaApp.swift */,
			);
			path = App;
			sourceTree = "<group>";
		};
		1BC7AB572AB6A6C4009A5AC2 /* GridView */ = {
			isa = PBXGroup;
			children = (
				1BC7AB582AB6A6EB009A5AC2 /* OrderTypeGridView.swift */,
				1BC7AB602AB6B0BE009A5AC2 /* OrderTypeView.swift */,
			);
			path = GridView;
			sourceTree = "<group>";
		};
		1BC7AB5A2AB6AC66009A5AC2 /* Model */ = {
			isa = PBXGroup;
			children = (
				1BC7AB5B2AB6AC83009A5AC2 /* Order.swift */,
				1BC7AB5E2AB6ACF6009A5AC2 /* DataSourceMock.swift */,
				73575FCD2D5E9E97001BAB0C /* Store.swift */,
				73575FCF2D5E9EE3001BAB0C /* Product.swift */,
			);
			path = Model;
			sourceTree = "<group>";
		};
/* End PBXGroup section */

/* Begin PBXNativeTarget section */
		1BC7AB412AB69566009A5AC2 /* NaSuaPorta */ = {
			isa = PBXNativeTarget;
			buildConfigurationList = 1BC7AB502AB69567009A5AC2 /* Build configuration list for PBXNativeTarget "NaSuaPorta" */;
			buildPhases = (
				1BC7AB3E2AB69566009A5AC2 /* Sources */,
				1BC7AB3F2AB69566009A5AC2 /* Frameworks */,
				1BC7AB402AB69566009A5AC2 /* Resources */,
			);
			buildRules = (
			);
			dependencies = (
			);
			fileSystemSynchronizedGroups = (
				73575FB92D5E77F5001BAB0C /* StoresView */,
			);
			name = NaSuaPorta;
			productName = NaSuaPorta;
			productReference = 1BC7AB422AB69566009A5AC2 /* NaSuaPorta.app */;
			productType = "com.apple.product-type.application";
		};
/* End PBXNativeTarget section */

/* Begin PBXProject section */
		1BC7AB3A2AB69566009A5AC2 /* Project object */ = {
			isa = PBXProject;
			attributes = {
				BuildIndependentTargetsInParallel = 1;
				LastSwiftUpdateCheck = 1430;
				LastUpgradeCheck = 1620;
				TargetAttributes = {
					1BC7AB412AB69566009A5AC2 = {
						CreatedOnToolsVersion = 14.3.1;
					};
				};
			};
			buildConfigurationList = 1BC7AB3D2AB69566009A5AC2 /* Build configuration list for PBXProject "NaSuaPorta" */;
			compatibilityVersion = "Xcode 14.0";
			developmentRegion = en;
			hasScannedForEncodings = 0;
			knownRegions = (
				en,
				Base,
			);
			mainGroup = 1BC7AB392AB69566009A5AC2;
			productRefGroup = 1BC7AB432AB69566009A5AC2 /* Products */;
			projectDirPath = "";
			projectRoot = "";
			targets = (
				1BC7AB412AB69566009A5AC2 /* NaSuaPorta */,
			);
		};
/* End PBXProject section */

/* Begin PBXResourcesBuildPhase section */
		1BC7AB402AB69566009A5AC2 /* Resources */ = {
			isa = PBXResourcesBuildPhase;
			buildActionMask = 2147483647;
			files = (
				1BC7AB4D2AB69567009A5AC2 /* Preview Assets.xcassets in Resources */,
				1BC7AB4A2AB69567009A5AC2 /* Assets.xcassets in Resources */,
			);
			runOnlyForDeploymentPostprocessing = 0;
		};
/* End PBXResourcesBuildPhase section */

/* Begin PBXSourcesBuildPhase section */
		1BC7AB3E2AB69566009A5AC2 /* Sources */ = {
			isa = PBXSourcesBuildPhase;
			buildActionMask = 2147483647;
			files = (
				1BC7AB5C2AB6AC83009A5AC2 /* Order.swift in Sources */,
				1BC7AB592AB6A6EB009A5AC2 /* OrderTypeGridView.swift in Sources */,
				1BC7AB5F2AB6ACF6009A5AC2 /* DataSourceMock.swift in Sources */,
				1BC7AB612AB6B0BE009A5AC2 /* OrderTypeView.swift in Sources */,
				73575FCE2D5E9E97001BAB0C /* Store.swift in Sources */,
				1BC7AB482AB69566009A5AC2 /* ContentView.swift in Sources */,
				1BC7AB462AB69566009A5AC2 /* NaSuaPortaApp.swift in Sources */,
				1BC7AB562AB6A0E2009A5AC2 /* NavigationBar.swift in Sources */,
				73575FD02D5E9EE3001BAB0C /* Product.swift in Sources */,
			);
			runOnlyForDeploymentPostprocessing = 0;
		};
/* End PBXSourcesBuildPhase section */

/* Begin XCBuildConfiguration section */
		1BC7AB4E2AB69567009A5AC2 /* Debug */ = {
			isa = XCBuildConfiguration;
			buildSettings = {
				ALWAYS_SEARCH_USER_PATHS = NO;
				ASSETCATALOG_COMPILER_GENERATE_SWIFT_ASSET_SYMBOL_EXTENSIONS = YES;
				CLANG_ANALYZER_NONNULL = YES;
				CLANG_ANALYZER_NUMBER_OBJECT_CONVERSION = YES_AGGRESSIVE;
				CLANG_CXX_LANGUAGE_STANDARD = "gnu++20";
				CLANG_ENABLE_MODULES = YES;
				CLANG_ENABLE_OBJC_ARC = YES;
				CLANG_ENABLE_OBJC_WEAK = YES;
				CLANG_WARN_BLOCK_CAPTURE_AUTORELEASING = YES;
				CLANG_WARN_BOOL_CONVERSION = YES;
				CLANG_WARN_COMMA = YES;
				CLANG_WARN_CONSTANT_CONVERSION = YES;
				CLANG_WARN_DEPRECATED_OBJC_IMPLEMENTATIONS = YES;
				CLANG_WARN_DIRECT_OBJC_ISA_USAGE = YES_ERROR;
				CLANG_WARN_DOCUMENTATION_COMMENTS = YES;
				CLANG_WARN_EMPTY_BODY = YES;
				CLANG_WARN_ENUM_CONVERSION = YES;
				CLANG_WARN_INFINITE_RECURSION = YES;
				CLANG_WARN_INT_CONVERSION = YES;
				CLANG_WARN_NON_LITERAL_NULL_CONVERSION = YES;
				CLANG_WARN_OBJC_IMPLICIT_RETAIN_SELF = YES;
				CLANG_WARN_OBJC_LITERAL_CONVERSION = YES;
				CLANG_WARN_OBJC_ROOT_CLASS = YES_ERROR;
				CLANG_WARN_QUOTED_INCLUDE_IN_FRAMEWORK_HEADER = YES;
				CLANG_WARN_RANGE_LOOP_ANALYSIS = YES;
				CLANG_WARN_STRICT_PROTOTYPES = YES;
				CLANG_WARN_SUSPICIOUS_MOVE = YES;
				CLANG_WARN_UNGUARDED_AVAILABILITY = YES_AGGRESSIVE;
				CLANG_WARN_UNREACHABLE_CODE = YES;
				CLANG_WARN__DUPLICATE_METHOD_MATCH = YES;
				COPY_PHASE_STRIP = NO;
				DEBUG_INFORMATION_FORMAT = dwarf;
				ENABLE_STRICT_OBJC_MSGSEND = YES;
				ENABLE_TESTABILITY = YES;
				ENABLE_USER_SCRIPT_SANDBOXING = YES;
				GCC_C_LANGUAGE_STANDARD = gnu11;
				GCC_DYNAMIC_NO_PIC = NO;
				GCC_NO_COMMON_BLOCKS = YES;
				GCC_OPTIMIZATION_LEVEL = 0;
				GCC_PREPROCESSOR_DEFINITIONS = (
					"DEBUG=1",
					"$(inherited)",
				);
				GCC_WARN_64_TO_32_BIT_CONVERSION = YES;
				GCC_WARN_ABOUT_RETURN_TYPE = YES_ERROR;
				GCC_WARN_UNDECLARED_SELECTOR = YES;
				GCC_WARN_UNINITIALIZED_AUTOS = YES_AGGRESSIVE;
				GCC_WARN_UNUSED_FUNCTION = YES;
				GCC_WARN_UNUSED_VARIABLE = YES;
				IPHONEOS_DEPLOYMENT_TARGET = 16.4;
				MTL_ENABLE_DEBUG_INFO = INCLUDE_SOURCE;
				MTL_FAST_MATH = YES;
				ONLY_ACTIVE_ARCH = YES;
				SDKROOT = iphoneos;
				SWIFT_ACTIVE_COMPILATION_CONDITIONS = DEBUG;
				SWIFT_OPTIMIZATION_LEVEL = "-Onone";
			};
			name = Debug;
		};
		1BC7AB4F2AB69567009A5AC2 /* Release */ = {
			isa = XCBuildConfiguration;
			buildSettings = {
				ALWAYS_SEARCH_USER_PATHS = NO;
				ASSETCATALOG_COMPILER_GENERATE_SWIFT_ASSET_SYMBOL_EXTENSIONS = YES;
				CLANG_ANALYZER_NONNULL = YES;
				CLANG_ANALYZER_NUMBER_OBJECT_CONVERSION = YES_AGGRESSIVE;
				CLANG_CXX_LANGUAGE_STANDARD = "gnu++20";
				CLANG_ENABLE_MODULES = YES;
				CLANG_ENABLE_OBJC_ARC = YES;
				CLANG_ENABLE_OBJC_WEAK = YES;
				CLANG_WARN_BLOCK_CAPTURE_AUTORELEASING = YES;
				CLANG_WARN_BOOL_CONVERSION = YES;
				CLANG_WARN_COMMA = YES;
				CLANG_WARN_CONSTANT_CONVERSION = YES;
				CLANG_WARN_DEPRECATED_OBJC_IMPLEMENTATIONS = YES;
				CLANG_WARN_DIRECT_OBJC_ISA_USAGE = YES_ERROR;
				CLANG_WARN_DOCUMENTATION_COMMENTS = YES;
				CLANG_WARN_EMPTY_BODY = YES;
				CLANG_WARN_ENUM_CONVERSION = YES;
				CLANG_WARN_INFINITE_RECURSION = YES;
				CLANG_WARN_INT_CONVERSION = YES;
				CLANG_WARN_NON_LITERAL_NULL_CONVERSION = YES;
				CLANG_WARN_OBJC_IMPLICIT_RETAIN_SELF = YES;
				CLANG_WARN_OBJC_LITERAL_CONVERSION = YES;
				CLANG_WARN_OBJC_ROOT_CLASS = YES_ERROR;
				CLANG_WARN_QUOTED_INCLUDE_IN_FRAMEWORK_HEADER = YES;
				CLANG_WARN_RANGE_LOOP_ANALYSIS = YES;
				CLANG_WARN_STRICT_PROTOTYPES = YES;
				CLANG_WARN_SUSPICIOUS_MOVE = YES;
				CLANG_WARN_UNGUARDED_AVAILABILITY = YES_AGGRESSIVE;
				CLANG_WARN_UNREACHABLE_CODE = YES;
				CLANG_WARN__DUPLICATE_METHOD_MATCH = YES;
				COPY_PHASE_STRIP = NO;
				DEBUG_INFORMATION_FORMAT = "dwarf-with-dsym";
				ENABLE_NS_ASSERTIONS = NO;
				ENABLE_STRICT_OBJC_MSGSEND = YES;
				ENABLE_USER_SCRIPT_SANDBOXING = YES;
				GCC_C_LANGUAGE_STANDARD = gnu11;
				GCC_NO_COMMON_BLOCKS = YES;
				GCC_WARN_64_TO_32_BIT_CONVERSION = YES;
				GCC_WARN_ABOUT_RETURN_TYPE = YES_ERROR;
				GCC_WARN_UNDECLARED_SELECTOR = YES;
				GCC_WARN_UNINITIALIZED_AUTOS = YES_AGGRESSIVE;
				GCC_WARN_UNUSED_FUNCTION = YES;
				GCC_WARN_UNUSED_VARIABLE = YES;
				IPHONEOS_DEPLOYMENT_TARGET = 16.4;
				MTL_ENABLE_DEBUG_INFO = NO;
				MTL_FAST_MATH = YES;
				SDKROOT = iphoneos;
				SWIFT_COMPILATION_MODE = wholemodule;
				SWIFT_OPTIMIZATION_LEVEL = "-O";
				VALIDATE_PRODUCT = YES;
			};
			name = Release;
		};
		1BC7AB512AB69567009A5AC2 /* Debug */ = {
			isa = XCBuildConfiguration;
			buildSettings = {
				ASSETCATALOG_COMPILER_APPICON_NAME = AppIcon;
				ASSETCATALOG_COMPILER_GLOBAL_ACCENT_COLOR_NAME = AccentColor;
				CODE_SIGN_STYLE = Automatic;
				CURRENT_PROJECT_VERSION = 1;
				DEVELOPMENT_ASSET_PATHS = "\"NaSuaPorta/Preview Content\"";
				DEVELOPMENT_TEAM = PGPC7U357H;
				ENABLE_PREVIEWS = YES;
				GENERATE_INFOPLIST_FILE = YES;
				INFOPLIST_KEY_UIApplicationSceneManifest_Generation = YES;
				INFOPLIST_KEY_UIApplicationSupportsIndirectInputEvents = YES;
				INFOPLIST_KEY_UILaunchScreen_Generation = YES;
				INFOPLIST_KEY_UISupportedInterfaceOrientations_iPad = "UIInterfaceOrientationPortrait UIInterfaceOrientationPortraitUpsideDown UIInterfaceOrientationLandscapeLeft UIInterfaceOrientationLandscapeRight";
				INFOPLIST_KEY_UISupportedInterfaceOrientations_iPhone = "UIInterfaceOrientationPortrait UIInterfaceOrientationLandscapeLeft UIInterfaceOrientationLandscapeRight";
				LD_RUNPATH_SEARCH_PATHS = (
					"$(inherited)",
					"@executable_path/Frameworks",
				);
				MARKETING_VERSION = 1.0;
				PRODUCT_BUNDLE_IDENTIFIER = "Mello-Birkan.NaSuaPorta";
				PRODUCT_NAME = "$(TARGET_NAME)";
				SWIFT_EMIT_LOC_STRINGS = YES;
				SWIFT_VERSION = 5.0;
				TARGETED_DEVICE_FAMILY = "1,2";
			};
			name = Debug;
		};
		1BC7AB522AB69567009A5AC2 /* Release */ = {
			isa = XCBuildConfiguration;
			buildSettings = {
				ASSETCATALOG_COMPILER_APPICON_NAME = AppIcon;
				ASSETCATALOG_COMPILER_GLOBAL_ACCENT_COLOR_NAME = AccentColor;
				CODE_SIGN_STYLE = Automatic;
				CURRENT_PROJECT_VERSION = 1;
				DEVELOPMENT_ASSET_PATHS = "\"NaSuaPorta/Preview Content\"";
				DEVELOPMENT_TEAM = PGPC7U357H;
				ENABLE_PREVIEWS = YES;
				GENERATE_INFOPLIST_FILE = YES;
				INFOPLIST_KEY_UIApplicationSceneManifest_Generation = YES;
				INFOPLIST_KEY_UIApplicationSupportsIndirectInputEvents = YES;
				INFOPLIST_KEY_UILaunchScreen_Generation = YES;
				INFOPLIST_KEY_UISupportedInterfaceOrientations_iPad = "UIInterfaceOrientationPortrait UIInterfaceOrientationPortraitUpsideDown UIInterfaceOrientationLandscapeLeft UIInterfaceOrientationLandscapeRight";
				INFOPLIST_KEY_UISupportedInterfaceOrientations_iPhone = "UIInterfaceOrientationPortrait UIInterfaceOrientationLandscapeLeft UIInterfaceOrientationLandscapeRight";
				LD_RUNPATH_SEARCH_PATHS = (
					"$(inherited)",
					"@executable_path/Frameworks",
				);
				MARKETING_VERSION = 1.0;
				PRODUCT_BUNDLE_IDENTIFIER = "Mello-Birkan.NaSuaPorta";
				PRODUCT_NAME = "$(TARGET_NAME)";
				SWIFT_EMIT_LOC_STRINGS = YES;
				SWIFT_VERSION = 5.0;
				TARGETED_DEVICE_FAMILY = "1,2";
			};
			name = Release;
		};
/* End XCBuildConfiguration section */

/* Begin XCConfigurationList section */
		1BC7AB3D2AB69566009A5AC2 /* Build configuration list for PBXProject "NaSuaPorta" */ = {
			isa = XCConfigurationList;
			buildConfigurations = (
				1BC7AB4E2AB69567009A5AC2 /* Debug */,
				1BC7AB4F2AB69567009A5AC2 /* Release */,
			);
			defaultConfigurationIsVisible = 0;
			defaultConfigurationName = Release;
		};
		1BC7AB502AB69567009A5AC2 /* Build configuration list for PBXNativeTarget "NaSuaPorta" */ = {
			isa = XCConfigurationList;
			buildConfigurations = (
				1BC7AB512AB69567009A5AC2 /* Debug */,
				1BC7AB522AB69567009A5AC2 /* Release */,
			);
			defaultConfigurationIsVisible = 0;
			defaultConfigurationName = Release;
		};
/* End XCConfigurationList section */
	};
	rootObject = 1BC7AB3A2AB69566009A5AC2 /* Project object */;
}
